# This is a Gradle generated file for dependency locking.
# Manual edits can break the build and are not advised.
# This file is expected to be part of source control.
com.sharneng:gm4java:1.1.1
commons-pool:commons-pool:1.6
org.apache.maven:maven-artifact:3.0.3
org.codehaus.plexus:plexus-utils:2.0.6
org.slf4j:slf4j-api:1.7.2
org.tukaani:xz:1.6
org.ysb33r.gradle:grolifant:0.9
